// !$*UTF8*$!
{
	archiveVersion = 1;
	classes = {
	};
	objectVersion = 77;
	objects = {

/* Begin PBXBuildFile section */
		F61077B22DD659C50069D101 /* Localizable.xcstrings in Resources */ = {isa = PBXBuildFile; fileRef = F61077B12DD659C50069D101 /* Localizable.xcstrings */; };
/* End PBXBuildFile section */

/* Begin PBXContainerItemProxy section */
		F6FCFFDB2DBF89B6009252D8 /* PBXContainerItemProxy */ = {
			isa = PBXContainerItemProxy;
			containerPortal = F6FCFFC22DBF89B5009252D8 /* Project object */;
			proxyType = 1;
			remoteGlobalIDString = F6FCFFC92DBF89B5009252D8;
			remoteInfo = Textie;
		};
		F6FCFFE52DBF89B6009252D8 /* PBXContainerItemProxy */ = {
			isa = PBXContainerItemProxy;
			containerPortal = F6FCFFC22DBF89B5009252D8 /* Project object */;
			proxyType = 1;
			remoteGlobalIDString = F6FCFFC92DBF89B5009252D8;
			remoteInfo = Textie;
		};
/* End PBXContainerItemProxy section */

/* Begin PBXFileReference section */
		F61077B12DD659C50069D101 /* Localizable.xcstrings */ = {isa = PBXFileReference; lastKnownFileType = text.json.xcstrings; path = Localizable.xcstrings; sourceTree = "<group>"; };
		F6FCFFCA2DBF89B5009252D8 /* Textie.app */ = {isa = PBXFileReference; explicitFileType = wrapper.application; includeInIndex = 0; path = Textie.app; sourceTree = BUILT_PRODUCTS_DIR; };
		F6FCFFDA2DBF89B6009252D8 /* TextieTests.xctest */ = {isa = PBXFileReference; explicitFileType = wrapper.cfbundle; includeInIndex = 0; path = TextieTests.xctest; sourceTree = BUILT_PRODUCTS_DIR; };
		F6FCFFE42DBF89B6009252D8 /* TextieUITests.xctest */ = {isa = PBXFileReference; explicitFileType = wrapper.cfbundle; includeInIndex = 0; path = TextieUITests.xctest; sourceTree = BUILT_PRODUCTS_DIR; };
/* End PBXFileReference section */

/* Begin PBXFileSystemSynchronizedBuildFileExceptionSet section */
		F685B7FD2DD76FC900A7E9B3 /* Exceptions for "Textie" folder in "Textie" target */ = {
			isa = PBXFileSystemSynchronizedBuildFileExceptionSet;
			membershipExceptions = (
				Info.plist,
			);
			target = F6FCFFC92DBF89B5009252D8 /* Textie */;
		};
/* End PBXFileSystemSynchronizedBuildFileExceptionSet section */

/* Begin PBXFileSystemSynchronizedRootGroup section */
		F685B7EB2DD76FC900A7E9B3 /* Textie */ = {
			isa = PBXFileSystemSynchronizedRootGroup;
			exceptions = (
				F685B7FD2DD76FC900A7E9B3 /* Exceptions for "Textie" folder in "Textie" target */,
			);
			path = Textie;
			sourceTree = "<group>";
		};
		F6FCFFDD2DBF89B6009252D8 /* TextieTests */ = {
			isa = PBXFileSystemSynchronizedRootGroup;
			path = TextieTests;
			sourceTree = "<group>";
		};
		F6FCFFE72DBF89B6009252D8 /* TextieUITests */ = {
			isa = PBXFileSystemSynchronizedRootGroup;
			path = TextieUITests;
			sourceTree = "<group>";
		};
/* End PBXFileSystemSynchronizedRootGroup section */

/* Begin PBXFrameworksBuildPhase section */
		F6FCFFC72DBF89B5009252D8 /* Frameworks */ = {
			isa = PBXFrameworksBuildPhase;
			buildActionMask = 2147483647;
			files = (
			);
			runOnlyForDeploymentPostprocessing = 0;
		};
		F6FCFFD72DBF89B6009252D8 /* Frameworks */ = {
			isa = PBXFrameworksBuildPhase;
			buildActionMask = 2147483647;
			files = (
			);
			runOnlyForDeploymentPostprocessing = 0;
		};
		F6FCFFE12DBF89B6009252D8 /* Frameworks */ = {
			isa = PBXFrameworksBuildPhase;
			buildActionMask = 2147483647;
			files = (
			);
			runOnlyForDeploymentPostprocessing = 0;
		};
/* End PBXFrameworksBuildPhase section */

/* Begin PBXGroup section */
		F6FCFFC12DBF89B5009252D8 = {
			isa = PBXGroup;
			children = (
				F61077B12DD659C50069D101 /* Localizable.xcstrings */,
				F685B7EB2DD76FC900A7E9B3 /* Textie */,
				F6FCFFDD2DBF89B6009252D8 /* TextieTests */,
				F6FCFFE72DBF89B6009252D8 /* TextieUITests */,
				F6FCFFCB2DBF89B5009252D8 /* Products */,
			);
			sourceTree = "<group>";
		};
		F6FCFFCB2DBF89B5009252D8 /* Products */ = {
			isa = PBXGroup;
			children = (
				F6FCFFCA2DBF89B5009252D8 /* Textie.app */,
				F6FCFFDA2DBF89B6009252D8 /* TextieTests.xctest */,
				F6FCFFE42DBF89B6009252D8 /* TextieUITests.xctest */,
			);
			name = Products;
			sourceTree = "<group>";
		};
/* End PBXGroup section */

/* Begin PBXNativeTarget section */
		F6FCFFC92DBF89B5009252D8 /* Textie */ = {
			isa = PBXNativeTarget;
			buildConfigurationList = F6FCFFEE2DBF89B6009252D8 /* Build configuration list for PBXNativeTarget "Textie" */;
			buildPhases = (
				F6FCFFC62DBF89B5009252D8 /* Sources */,
				F6FCFFC72DBF89B5009252D8 /* Frameworks */,
				F6FCFFC82DBF89B5009252D8 /* Resources */,
			);
			buildRules = (
			);
			dependencies = (
			);
			fileSystemSynchronizedGroups = (
				F685B7EB2DD76FC900A7E9B3 /* Textie */,
			);
			name = Textie;
			packageProductDependencies = (
			);
			productName = Textie;
			productReference = F6FCFFCA2DBF89B5009252D8 /* Textie.app */;
			productType = "com.apple.product-type.application";
		};
		F6FCFFD92DBF89B6009252D8 /* TextieTests */ = {
			isa = PBXNativeTarget;
			buildConfigurationList = F6FCFFF12DBF89B6009252D8 /* Build configuration list for PBXNativeTarget "TextieTests" */;
			buildPhases = (
				F6FCFFD62DBF89B6009252D8 /* Sources */,
				F6FCFFD72DBF89B6009252D8 /* Frameworks */,
				F6FCFFD82DBF89B6009252D8 /* Resources */,
			);
			buildRules = (
			);
			dependencies = (
				F6FCFFDC2DBF89B6009252D8 /* PBXTargetDependency */,
			);
			fileSystemSynchronizedGroups = (
				F6FCFFDD2DBF89B6009252D8 /* TextieTests */,
			);
			name = TextieTests;
			packageProductDependencies = (
			);
			productName = TextieTests;
			productReference = F6FCFFDA2DBF89B6009252D8 /* TextieTests.xctest */;
			productType = "com.apple.product-type.bundle.unit-test";
		};
		F6FCFFE32DBF89B6009252D8 /* TextieUITests */ = {
			isa = PBXNativeTarget;
			buildConfigurationList = F6FCFFF42DBF89B6009252D8 /* Build configuration list for PBXNativeTarget "TextieUITests" */;
			buildPhases = (
				F6FCFFE02DBF89B6009252D8 /* Sources */,
				F6FCFFE12DBF89B6009252D8 /* Frameworks */,
				F6FCFFE22DBF89B6009252D8 /* Resources */,
			);
			buildRules = (
			);
			dependencies = (
				F6FCFFE62DBF89B6009252D8 /* PBXTargetDependency */,
			);
			fileSystemSynchronizedGroups = (
				F6FCFFE72DBF89B6009252D8 /* TextieUITests */,
			);
			name = TextieUITests;
			packageProductDependencies = (
			);
			productName = TextieUITests;
			productReference = F6FCFFE42DBF89B6009252D8 /* TextieUITests.xctest */;
			productType = "com.apple.product-type.bundle.ui-testing";
		};
/* End PBXNativeTarget section */

/* Begin PBXProject section */
		F6FCFFC22DBF89B5009252D8 /* Project object */ = {
			isa = PBXProject;
			attributes = {
				BuildIndependentTargetsInParallel = 1;
				LastSwiftUpdateCheck = 1620;
				LastUpgradeCheck = 1630;
				TargetAttributes = {
					F6FCFFC92DBF89B5009252D8 = {
						CreatedOnToolsVersion = 16.2;
					};
					F6FCFFD92DBF89B6009252D8 = {
						CreatedOnToolsVersion = 16.2;
						TestTargetID = F6FCFFC92DBF89B5009252D8;
					};
					F6FCFFE32DBF89B6009252D8 = {
						CreatedOnToolsVersion = 16.2;
						TestTargetID = F6FCFFC92DBF89B5009252D8;
					};
				};
			};
			buildConfigurationList = F6FCFFC52DBF89B5009252D8 /* Build configuration list for PBXProject "Textie" */;
			developmentRegion = en;
			hasScannedForEncodings = 0;
			knownRegions = (
				en,
				Base,
				ko,
			);
			mainGroup = F6FCFFC12DBF89B5009252D8;
			minimizedProjectReferenceProxies = 1;
			preferredProjectObjectVersion = 77;
			productRefGroup = F6FCFFCB2DBF89B5009252D8 /* Products */;
			projectDirPath = "";
			projectRoot = "";
			targets = (
				F6FCFFC92DBF89B5009252D8 /* Textie */,
				F6FCFFD92DBF89B6009252D8 /* TextieTests */,
				F6FCFFE32DBF89B6009252D8 /* TextieUITests */,
			);
		};
/* End PBXProject section */

/* Begin PBXResourcesBuildPhase section */
		F6FCFFC82DBF89B5009252D8 /* Resources */ = {
			isa = PBXResourcesBuildPhase;
			buildActionMask = 2147483647;
			files = (
				F61077B22DD659C50069D101 /* Localizable.xcstrings in Resources */,
			);
			runOnlyForDeploymentPostprocessing = 0;
		};
		F6FCFFD82DBF89B6009252D8 /* Resources */ = {
			isa = PBXResourcesBuildPhase;
			buildActionMask = 2147483647;
			files = (
			);
			runOnlyForDeploymentPostprocessing = 0;
		};
		F6FCFFE22DBF89B6009252D8 /* Resources */ = {
			isa = PBXResourcesBuildPhase;
			buildActionMask = 2147483647;
			files = (
			);
			runOnlyForDeploymentPostprocessing = 0;
		};
/* End PBXResourcesBuildPhase section */

/* Begin PBXSourcesBuildPhase section */
		F6FCFFC62DBF89B5009252D8 /* Sources */ = {
			isa = PBXSourcesBuildPhase;
			buildActionMask = 2147483647;
			files = (
			);
			runOnlyForDeploymentPostprocessing = 0;
		};
		F6FCFFD62DBF89B6009252D8 /* Sources */ = {
			isa = PBXSourcesBuildPhase;
			buildActionMask = 2147483647;
			files = (
			);
			runOnlyForDeploymentPostprocessing = 0;
		};
		F6FCFFE02DBF89B6009252D8 /* Sources */ = {
			isa = PBXSourcesBuildPhase;
			buildActionMask = 2147483647;
			files = (
			);
			runOnlyForDeploymentPostprocessing = 0;
		};
/* End PBXSourcesBuildPhase section */

/* Begin PBXTargetDependency section */
		F6FCFFDC2DBF89B6009252D8 /* PBXTargetDependency */ = {
			isa = PBXTargetDependency;
			target = F6FCFFC92DBF89B5009252D8 /* Textie */;
			targetProxy = F6FCFFDB2DBF89B6009252D8 /* PBXContainerItemProxy */;
		};
		F6FCFFE62DBF89B6009252D8 /* PBXTargetDependency */ = {
			isa = PBXTargetDependency;
			target = F6FCFFC92DBF89B5009252D8 /* Textie */;
			targetProxy = F6FCFFE52DBF89B6009252D8 /* PBXContainerItemProxy */;
		};
/* End PBXTargetDependency section */

/* Begin XCBuildConfiguration section */
		F6FCFFEC2DBF89B6009252D8 /* Debug */ = {
			isa = XCBuildConfiguration;
			buildSettings = {
				ALWAYS_SEARCH_USER_PATHS = NO;
				ASSETCATALOG_COMPILER_GENERATE_SWIFT_ASSET_SYMBOL_EXTENSIONS = YES;
				CLANG_ANALYZER_LOCALIZABILITY_NONLOCALIZED = YES;
				CLANG_ANALYZER_NONNULL = YES;
				CLANG_ANALYZER_NUMBER_OBJECT_CONVERSION = YES_AGGRESSIVE;
				CLANG_CXX_LANGUAGE_STANDARD = "gnu++20";
				CLANG_ENABLE_MODULES = YES;
				CLANG_ENABLE_OBJC_ARC = YES;
				CLANG_ENABLE_OBJC_WEAK = YES;
				CLANG_WARN_BLOCK_CAPTURE_AUTORELEASING = YES;
				CLANG_WARN_BOOL_CONVERSION = YES;
				CLANG_WARN_COMMA = YES;
				CLANG_WARN_CONSTANT_CONVERSION = YES;
				CLANG_WARN_DEPRECATED_OBJC_IMPLEMENTATIONS = YES;
				CLANG_WARN_DIRECT_OBJC_ISA_USAGE = YES_ERROR;
				CLANG_WARN_DOCUMENTATION_COMMENTS = YES;
				CLANG_WARN_EMPTY_BODY = YES;
				CLANG_WARN_ENUM_CONVERSION = YES;
				CLANG_WARN_INFINITE_RECURSION = YES;
				CLANG_WARN_INT_CONVERSION = YES;
				CLANG_WARN_NON_LITERAL_NULL_CONVERSION = YES;
				CLANG_WARN_OBJC_IMPLICIT_RETAIN_SELF = YES;
				CLANG_WARN_OBJC_LITERAL_CONVERSION = YES;
				CLANG_WARN_OBJC_ROOT_CLASS = YES_ERROR;
				CLANG_WARN_QUOTED_INCLUDE_IN_FRAMEWORK_HEADER = YES;
				CLANG_WARN_RANGE_LOOP_ANALYSIS = YES;
				CLANG_WARN_STRICT_PROTOTYPES = YES;
				CLANG_WARN_SUSPICIOUS_MOVE = YES;
				CLANG_WARN_UNGUARDED_AVAILABILITY = YES_AGGRESSIVE;
				CLANG_WARN_UNREACHABLE_CODE = YES;
				CLANG_WARN__DUPLICATE_METHOD_MATCH = YES;
				COPY_PHASE_STRIP = NO;
				DEBUG_INFORMATION_FORMAT = dwarf;
				DEVELOPMENT_TEAM = W49R83ZVRD;
				ENABLE_STRICT_OBJC_MSGSEND = YES;
				ENABLE_TESTABILITY = YES;
				ENABLE_USER_SCRIPT_SANDBOXING = YES;
				GCC_C_LANGUAGE_STANDARD = gnu17;
				GCC_DYNAMIC_NO_PIC = NO;
				GCC_NO_COMMON_BLOCKS = YES;
				GCC_OPTIMIZATION_LEVEL = 0;
				GCC_PREPROCESSOR_DEFINITIONS = (
					"DEBUG=1",
					"$(inherited)",
				);
				GCC_WARN_64_TO_32_BIT_CONVERSION = YES;
				GCC_WARN_ABOUT_RETURN_TYPE = YES_ERROR;
				GCC_WARN_UNDECLARED_SELECTOR = YES;
				GCC_WARN_UNINITIALIZED_AUTOS = YES_AGGRESSIVE;
				GCC_WARN_UNUSED_FUNCTION = YES;
				GCC_WARN_UNUSED_VARIABLE = YES;
				IPHONEOS_DEPLOYMENT_TARGET = 18.2;
				LOCALIZATION_PREFERS_STRING_CATALOGS = YES;
				MTL_ENABLE_DEBUG_INFO = INCLUDE_SOURCE;
				MTL_FAST_MATH = YES;
				ONLY_ACTIVE_ARCH = YES;
				SDKROOT = iphoneos;
				SWIFT_ACTIVE_COMPILATION_CONDITIONS = "DEBUG $(inherited)";
				SWIFT_EMIT_LOC_STRINGS = YES;
				SWIFT_OPTIMIZATION_LEVEL = "-Onone";
			};
			name = Debug;
		};
		F6FCFFED2DBF89B6009252D8 /* Release */ = {
			isa = XCBuildConfiguration;
			buildSettings = {
				ALWAYS_SEARCH_USER_PATHS = NO;
				ASSETCATALOG_COMPILER_GENERATE_SWIFT_ASSET_SYMBOL_EXTENSIONS = YES;
				CLANG_ANALYZER_LOCALIZABILITY_NONLOCALIZED = YES;
				CLANG_ANALYZER_NONNULL = YES;
				CLANG_ANALYZER_NUMBER_OBJECT_CONVERSION = YES_AGGRESSIVE;
				CLANG_CXX_LANGUAGE_STANDARD = "gnu++20";
				CLANG_ENABLE_MODULES = YES;
				CLANG_ENABLE_OBJC_ARC = YES;
				CLANG_ENABLE_OBJC_WEAK = YES;
				CLANG_WARN_BLOCK_CAPTURE_AUTORELEASING = YES;
				CLANG_WARN_BOOL_CONVERSION = YES;
				CLANG_WARN_COMMA = YES;
				CLANG_WARN_CONSTANT_CONVERSION = YES;
				CLANG_WARN_DEPRECATED_OBJC_IMPLEMENTATIONS = YES;
				CLANG_WARN_DIRECT_OBJC_ISA_USAGE = YES_ERROR;
				CLANG_WARN_DOCUMENTATION_COMMENTS = YES;
				CLANG_WARN_EMPTY_BODY = YES;
				CLANG_WARN_ENUM_CONVERSION = YES;
				CLANG_WARN_INFINITE_RECURSION = YES;
				CLANG_WARN_INT_CONVERSION = YES;
				CLANG_WARN_NON_LITERAL_NULL_CONVERSION = YES;
				CLANG_WARN_OBJC_IMPLICIT_RETAIN_SELF = YES;
				CLANG_WARN_OBJC_LITERAL_CONVERSION = YES;
				CLANG_WARN_OBJC_ROOT_CLASS = YES_ERROR;
				CLANG_WARN_QUOTED_INCLUDE_IN_FRAMEWORK_HEADER = YES;
				CLANG_WARN_RANGE_LOOP_ANALYSIS = YES;
				CLANG_WARN_STRICT_PROTOTYPES = YES;
				CLANG_WARN_SUSPICIOUS_MOVE = YES;
				CLANG_WARN_UNGUARDED_AVAILABILITY = YES_AGGRESSIVE;
				CLANG_WARN_UNREACHABLE_CODE = YES;
				CLANG_WARN__DUPLICATE_METHOD_MATCH = YES;
				COPY_PHASE_STRIP = NO;
				DEBUG_INFORMATION_FORMAT = "dwarf-with-dsym";
				DEVELOPMENT_TEAM = W49R83ZVRD;
				ENABLE_NS_ASSERTIONS = NO;
				ENABLE_STRICT_OBJC_MSGSEND = YES;
				ENABLE_USER_SCRIPT_SANDBOXING = YES;
				GCC_C_LANGUAGE_STANDARD = gnu17;
				GCC_NO_COMMON_BLOCKS = YES;
				GCC_WARN_64_TO_32_BIT_CONVERSION = YES;
				GCC_WARN_ABOUT_RETURN_TYPE = YES_ERROR;
				GCC_WARN_UNDECLARED_SELECTOR = YES;
				GCC_WARN_UNINITIALIZED_AUTOS = YES_AGGRESSIVE;
				GCC_WARN_UNUSED_FUNCTION = YES;
				GCC_WARN_UNUSED_VARIABLE = YES;
				IPHONEOS_DEPLOYMENT_TARGET = 18.2;
				LOCALIZATION_PREFERS_STRING_CATALOGS = YES;
				MTL_ENABLE_DEBUG_INFO = NO;
				MTL_FAST_MATH = YES;
				SDKROOT = iphoneos;
				SWIFT_COMPILATION_MODE = wholemodule;
				SWIFT_EMIT_LOC_STRINGS = YES;
				VALIDATE_PRODUCT = YES;
			};
			name = Release;
		};
		F6FCFFEF2DBF89B6009252D8 /* Debug */ = {
			isa = XCBuildConfiguration;
			buildSettings = {
				ASSETCATALOG_COMPILER_APPICON_NAME = AppIcon;
				ASSETCATALOG_COMPILER_GLOBAL_ACCENT_COLOR_NAME = AccentColor;
				CODE_SIGN_ENTITLEMENTS = Textie/Textie.entitlements;
				CODE_SIGN_STYLE = Automatic;
				CURRENT_PROJECT_VERSION = 1;
				DEVELOPMENT_ASSET_PATHS = "\"Textie/Preview Content\"";
				ENABLE_PREVIEWS = YES;
				GENERATE_INFOPLIST_FILE = YES;
				INFOPLIST_FILE = Textie/Info.plist;
				INFOPLIST_KEY_UIApplicationSceneManifest_Generation = YES;
				INFOPLIST_KEY_UIApplicationSupportsIndirectInputEvents = YES;
				INFOPLIST_KEY_UILaunchScreen_Generation = YES;
				INFOPLIST_KEY_UISupportedInterfaceOrientations_iPad = "UIInterfaceOrientationPortrait UIInterfaceOrientationPortraitUpsideDown UIInterfaceOrientationLandscapeLeft UIInterfaceOrientationLandscapeRight";
				INFOPLIST_KEY_UISupportedInterfaceOrientations_iPhone = "UIInterfaceOrientationPortrait UIInterfaceOrientationLandscapeLeft UIInterfaceOrientationLandscapeRight";
				IPHONEOS_DEPLOYMENT_TARGET = 18.0;
				LD_RUNPATH_SEARCH_PATHS = (
					"$(inherited)",
					"@executable_path/Frameworks",
				);
				MARKETING_VERSION = 1.0;
				PRODUCT_BUNDLE_IDENTIFIER = com.cubem10.Textie;
				PRODUCT_NAME = "$(TARGET_NAME)";
				SWIFT_EMIT_LOC_STRINGS = YES;
				SWIFT_VERSION = 5.0;
				TARGETED_DEVICE_FAMILY = "1,2";
			};
			name = Debug;
		};
		F6FCFFF02DBF89B6009252D8 /* Release */ = {
			isa = XCBuildConfiguration;
			buildSettings = {
				ASSETCATALOG_COMPILER_APPICON_NAME = AppIcon;
				ASSETCATALOG_COMPILER_GLOBAL_ACCENT_COLOR_NAME = AccentColor;
				CODE_SIGN_ENTITLEMENTS = Textie/Textie.entitlements;
				CODE_SIGN_STYLE = Automatic;
				CURRENT_PROJECT_VERSION = 1;
				DEVELOPMENT_ASSET_PATHS = "\"Textie/Preview Content\"";
				ENABLE_PREVIEWS = YES;
				GENERATE_INFOPLIST_FILE = YES;
				INFOPLIST_FILE = Textie/Info.plist;
				INFOPLIST_KEY_UIApplicationSceneManifest_Generation = YES;
				INFOPLIST_KEY_UIApplicationSupportsIndirectInputEvents = YES;
				INFOPLIST_KEY_UILaunchScreen_Generation = YES;
				INFOPLIST_KEY_UISupportedInterfaceOrientations_iPad = "UIInterfaceOrientationPortrait UIInterfaceOrientationPortraitUpsideDown UIInterfaceOrientationLandscapeLeft UIInterfaceOrientationLandscapeRight";
				INFOPLIST_KEY_UISupportedInterfaceOrientations_iPhone = "UIInterfaceOrientationPortrait UIInterfaceOrientationLandscapeLeft UIInterfaceOrientationLandscapeRight";
				IPHONEOS_DEPLOYMENT_TARGET = 18.0;
				LD_RUNPATH_SEARCH_PATHS = (
					"$(inherited)",
					"@executable_path/Frameworks",
				);
				MARKETING_VERSION = 1.0;
				PRODUCT_BUNDLE_IDENTIFIER = com.cubem10.Textie;
				PRODUCT_NAME = "$(TARGET_NAME)";
				SWIFT_EMIT_LOC_STRINGS = YES;
				SWIFT_VERSION = 5.0;
				TARGETED_DEVICE_FAMILY = "1,2";
			};
			name = Release;
		};
		F6FCFFF22DBF89B6009252D8 /* Debug */ = {
			isa = XCBuildConfiguration;
			buildSettings = {
				BUNDLE_LOADER = "$(TEST_HOST)";
				CODE_SIGN_STYLE = Automatic;
				CURRENT_PROJECT_VERSION = 1;
				GENERATE_INFOPLIST_FILE = YES;
				IPHONEOS_DEPLOYMENT_TARGET = 18.2;
				MARKETING_VERSION = 1.0;
				PRODUCT_BUNDLE_IDENTIFIER = com.cubem10.TextieTests;
				PRODUCT_NAME = "$(TARGET_NAME)";
				SWIFT_EMIT_LOC_STRINGS = NO;
				SWIFT_VERSION = 5.0;
				TARGETED_DEVICE_FAMILY = "1,2";
				TEST_HOST = "$(BUILT_PRODUCTS_DIR)/Textie.app/$(BUNDLE_EXECUTABLE_FOLDER_PATH)/Textie";
			};
			name = Debug;
		};
		F6FCFFF32DBF89B6009252D8 /* Release */ = {
			isa = XCBuildConfiguration;
			buildSettings = {
				BUNDLE_LOADER = "$(TEST_HOST)";
				CODE_SIGN_STYLE = Automatic;
				CURRENT_PROJECT_VERSION = 1;
				GENERATE_INFOPLIST_FILE = YES;
				IPHONEOS_DEPLOYMENT_TARGET = 18.2;
				MARKETING_VERSION = 1.0;
				PRODUCT_BUNDLE_IDENTIFIER = com.cubem10.TextieTests;
				PRODUCT_NAME = "$(TARGET_NAME)";
				SWIFT_EMIT_LOC_STRINGS = NO;
				SWIFT_VERSION = 5.0;
				TARGETED_DEVICE_FAMILY = "1,2";
				TEST_HOST = "$(BUILT_PRODUCTS_DIR)/Textie.app/$(BUNDLE_EXECUTABLE_FOLDER_PATH)/Textie";
			};
			name = Release;
		};
		F6FCFFF52DBF89B6009252D8 /* Debug */ = {
			isa = XCBuildConfiguration;
			buildSettings = {
				CODE_SIGN_STYLE = Automatic;
				CURRENT_PROJECT_VERSION = 1;
				GENERATE_INFOPLIST_FILE = YES;
				MARKETING_VERSION = 1.0;
				PRODUCT_BUNDLE_IDENTIFIER = com.cubem10.TextieUITests;
				PRODUCT_NAME = "$(TARGET_NAME)";
				SWIFT_EMIT_LOC_STRINGS = NO;
				SWIFT_VERSION = 5.0;
				TARGETED_DEVICE_FAMILY = "1,2";
				TEST_TARGET_NAME = Textie;
			};
			name = Debug;
		};
		F6FCFFF62DBF89B6009252D8 /* Release */ = {
			isa = XCBuildConfiguration;
			buildSettings = {
				CODE_SIGN_STYLE = Automatic;
				CURRENT_PROJECT_VERSION = 1;
				GENERATE_INFOPLIST_FILE = YES;
				MARKETING_VERSION = 1.0;
				PRODUCT_BUNDLE_IDENTIFIER = com.cubem10.TextieUITests;
				PRODUCT_NAME = "$(TARGET_NAME)";
				SWIFT_EMIT_LOC_STRINGS = NO;
				SWIFT_VERSION = 5.0;
				TARGETED_DEVICE_FAMILY = "1,2";
				TEST_TARGET_NAME = Textie;
			};
			name = Release;
		};
/* End XCBuildConfiguration section */

/* Begin XCConfigurationList section */
		F6FCFFC52DBF89B5009252D8 /* Build configuration list for PBXProject "Textie" */ = {
			isa = XCConfigurationList;
			buildConfigurations = (
				F6FCFFEC2DBF89B6009252D8 /* Debug */,
				F6FCFFED2DBF89B6009252D8 /* Release */,
			);
			defaultConfigurationIsVisible = 0;
			defaultConfigurationName = Release;
		};
		F6FCFFEE2DBF89B6009252D8 /* Build configuration list for PBXNativeTarget "Textie" */ = {
			isa = XCConfigurationList;
			buildConfigurations = (
				F6FCFFEF2DBF89B6009252D8 /* Debug */,
				F6FCFFF02DBF89B6009252D8 /* Release */,
			);
			defaultConfigurationIsVisible = 0;
			defaultConfigurationName = Release;
		};
		F6FCFFF12DBF89B6009252D8 /* Build configuration list for PBXNativeTarget "TextieTests" */ = {
			isa = XCConfigurationList;
			buildConfigurations = (
				F6FCFFF22DBF89B6009252D8 /* Debug */,
				F6FCFFF32DBF89B6009252D8 /* Release */,
			);
			defaultConfigurationIsVisible = 0;
			defaultConfigurationName = Release;
		};
		F6FCFFF42DBF89B6009252D8 /* Build configuration list for PBXNativeTarget "TextieUITests" */ = {
			isa = XCConfigurationList;
			buildConfigurations = (
				F6FCFFF52DBF89B6009252D8 /* Debug */,
				F6FCFFF62DBF89B6009252D8 /* Release */,
			);
			defaultConfigurationIsVisible = 0;
			defaultConfigurationName = Release;
		};
/* End XCConfigurationList section */
	};
	rootObject = F6FCFFC22DBF89B5009252D8 /* Project object */;
}
